
Microsoft Visual Studio Solution File, Format Version 11.00
# Visual Studio 2010
Project("{FAE04EC0-301F-11D3-BF4B-00C04F79EFBC}") = "DivideTargets", "DivideTargets\DivideTargets.csproj", "{AB070DA7-47C2-4C3E-88E0-7EF61C345300}"
EndProject
Project("{FAE04EC0-301F-11D3-BF4B-00C04F79EFBC}") = "WriteArgs", "WriteArgs\WriteArgs.csproj", "{526663CA-29BD-47CB-852E-E94A23A63520}"
EndProject
Project("{FAE04EC0-301F-11D3-BF4B-00C04F79EFBC}") = "CombineResults", "CombineResults\CombineResults.csproj", "{3755C085-8205-48DD-86C4-BE47E221ECDB}"
EndProject
Project("{FAE04EC0-301F-11D3-BF4B-00C04F79EFBC}") = "CheckLocks", "CheckLocks\CheckLocks.csproj", "{BD96B4B0-5198-4118-9D72-D23836858B85}"
EndProject
Project("{FAE04EC0-301F-11D3-BF4B-00C04F79EFBC}") = "PostProcessing", "PostProcessing\PostProcessing.csproj", "{19007E1F-0BAB-471C-BE79-5B468FAC31C2}"
EndProject
Project("{FAE04EC0-301F-11D3-BF4B-00C04F79EFBC}") = "DivideTargetsNodes", "DivideTargetsNodes\DivideTargetsNodes.csproj", "{0570F333-4FB3-4931-BE0D-7AA03939B7B8}"
EndProject
Project("{FAE04EC0-301F-11D3-BF4B-00C04F79EFBC}") = "MultiSleep", "MultiSleep\MultiSleep.csproj", "{9482D1D7-73E5-43B3-91CD-9CD38EDE948B}"
EndProject
Project("{FAE04EC0-301F-11D3-BF4B-00C04F79EFBC}") = "SleepDLL", "SleepDLL\SleepDLL.csproj", "{2BFFF0A1-5AA4-4906-A1C8-7260A2D2E5CC}"
EndProject
Project("{FAE04EC0-301F-11D3-BF4B-00C04F79EFBC}") = "WriteCheckFile", "WriteCheckFile\WriteCheckFile.csproj", "{4460A98B-4C2B-484E-B38F-6B476454A1B3}"
EndProject
Project("{FAE04EC0-301F-11D3-BF4B-00C04F79EFBC}") = "DeleteFiles", "DeleteFiles\DeleteFiles.csproj", "{B993831A-5207-47FF-ACFA-5EBC758459F6}"
EndProject
Project("{FAE04EC0-301F-11D3-BF4B-00C04F79EFBC}") = "ZipFolders", "ZipFolders\ZipFolders.csproj", "{1FE7337A-75C5-466D-99ED-FAB4412D47AA}"
EndProject
Project("{FAE04EC0-301F-11D3-BF4B-00C04F79EFBC}") = "CombineNodeResults", "CombineNodeResults\CombineNodeResults.csproj", "{ABE6A84F-A702-492A-A646-FECE897185C1}"
EndProject
Project("{FAE04EC0-301F-11D3-BF4B-00C04F79EFBC}") = "WriteTime", "WriteTime\WriteTime.csproj", "{9FC977C0-2D23-49C7-9C89-820ECA5B4CAB}"
EndProject
Project("{FAE04EC0-301F-11D3-BF4B-00C04F79EFBC}") = "UnZip", "UnZip\UnZip.csproj", "{1FCFC2BF-5C4F-4D47-AEC7-E1FF778D082F}"
EndProject
Project("{FAE04EC0-301F-11D3-BF4B-00C04F79EFBC}") = "CombineListMaker", "CombineListMaker\CombineListMaker.csproj", "{0ABB7E57-DFC1-4F88-8B3B-5835AD322DA3}"
EndProject
Project("{FAE04EC0-301F-11D3-BF4B-00C04F79EFBC}") = "Sleep", "Sleep\Sleep.csproj", "{73E878AF-DDC7-436E-9A17-386F522EB967}"
EndProject
Project("{FAE04EC0-301F-11D3-BF4B-00C04F79EFBC}") = "WriteHPCPrepFiles", "WriteHPCPrepFiles\WriteHPCPrepFiles.csproj", "{5AF51760-6B8E-4AE5-9E68-AAEE52DDDDFC}"
EndProject
Project("{FAE04EC0-301F-11D3-BF4B-00C04F79EFBC}") = "FieldOffice", "FieldOffice\FieldOffice.csproj", "{A3BCCA4A-503E-460C-93CC-F70E03D4E2A3}"
EndProject
Project("{FAE04EC0-301F-11D3-BF4B-00C04F79EFBC}") = "BatchDelay", "BatchDelay\BatchDelay.csproj", "{189A8B09-80F8-4CD4-A07A-A95315E1EEA6}"
EndProject
Project("{FAE04EC0-301F-11D3-BF4B-00C04F79EFBC}") = "ResultsToGlycoGridX64", "ResultsToGlycoGridX64\ResultsToGlycoGridX64.csproj", "{607213AA-3FD4-419A-800F-E15BBFC99AE5}"
EndProject
Project("{FAE04EC0-301F-11D3-BF4B-00C04F79EFBC}") = "SingleLinkage", "SingleLinkage\SingleLinkage.csproj", "{27DCF77E-636C-49E5-8414-0AC21D0DFA9C}"
EndProject
Project("{FAE04EC0-301F-11D3-BF4B-00C04F79EFBC}") = "CompositionConsolidation", "CompositionConsolidation\CompositionConsolidation.csproj", "{4773B5A8-8AC4-46A3-8A9F-1AA521B0A36D}"
EndProject
Project("{FAE04EC0-301F-11D3-BF4B-00C04F79EFBC}") = "DeleteViaHPCList", "DeleteViaHPC\DeleteViaHPCList.csproj", "{C5BC2486-1C50-4A60-83D0-901328C35551}"
EndProject
Project("{FAE04EC0-301F-11D3-BF4B-00C04F79EFBC}") = "DeleteViaHPCEngine", "DeleteViaHPCEngine\DeleteViaHPCEngine.csproj", "{848BC984-5F6F-46FC-9D0D-E0CFC8E2B868}"
EndProject
Project("{FAE04EC0-301F-11D3-BF4B-00C04F79EFBC}") = "ConvertValidatedIQResultsToChecked", "ConvertValidatedIQResultsToChecked\ConvertValidatedIQResultsToChecked.csproj", "{6B1ACD44-F826-4463-A408-44077632AFBC}"
EndProject
Project("{FAE04EC0-301F-11D3-BF4B-00C04F79EFBC}") = "CrossTab", "CrossTab\CrossTab.csproj", "{025DF299-0E42-404E-81C2-FFB9AC965E36}"
EndProject
Project("{FAE04EC0-301F-11D3-BF4B-00C04F79EFBC}") = "UnZipToCurrentLocation", "UnZipToCurrentLocation\UnZipToCurrentLocation.csproj", "{15A2BF5E-DD07-41A3-AEC9-6D07F07DF7A2}"
EndProject
Project("{FAE04EC0-301F-11D3-BF4B-00C04F79EFBC}") = "WriteDeceptionNodes", "WriteDeceptionNodes\WriteDeceptionNodes.csproj", "{93E8B72D-1CF7-4732-96FB-F713F8FD9D29}"
EndProject
Project("{FAE04EC0-301F-11D3-BF4B-00C04F79EFBC}") = "ZipWithParameters", "ZipWithParameters\ZipWithParameters.csproj", "{D2CC6F01-24B3-40EB-AC93-2E0F30522867}"
EndProject
Project("{FAE04EC0-301F-11D3-BF4B-00C04F79EFBC}") = "DeleteDirectory", "DeleteDirectory\DeleteDirectory.csproj", "{4456337A-7743-4CAE-99F0-8CDECA8D7002}"
EndProject
Global
	GlobalSection(SolutionConfigurationPlatforms) = preSolution
		Debug|Any CPU = Debug|Any CPU
		Debug|Mixed Platforms = Debug|Mixed Platforms
		Debug|Win32 = Debug|Win32
		Debug|x64 = Debug|x64
		Debug|x86 = Debug|x86
		Release|Any CPU = Release|Any CPU
		Release|Mixed Platforms = Release|Mixed Platforms
		Release|Win32 = Release|Win32
		Release|x64 = Release|x64
		Release|x86 = Release|x86
	EndGlobalSection
	GlobalSection(ProjectConfigurationPlatforms) = postSolution
		{AB070DA7-47C2-4C3E-88E0-7EF61C345300}.Debug|Any CPU.ActiveCfg = Debug|x86
		{AB070DA7-47C2-4C3E-88E0-7EF61C345300}.Debug|Mixed Platforms.ActiveCfg = Debug|x64
		{AB070DA7-47C2-4C3E-88E0-7EF61C345300}.Debug|Mixed Platforms.Build.0 = Debug|x64
		{AB070DA7-47C2-4C3E-88E0-7EF61C345300}.Debug|Win32.ActiveCfg = Debug|x64
		{AB070DA7-47C2-4C3E-88E0-7EF61C345300}.Debug|x64.ActiveCfg = Debug|x64
		{AB070DA7-47C2-4C3E-88E0-7EF61C345300}.Debug|x64.Build.0 = Debug|x64
		{AB070DA7-47C2-4C3E-88E0-7EF61C345300}.Debug|x86.ActiveCfg = Debug|x86
		{AB070DA7-47C2-4C3E-88E0-7EF61C345300}.Debug|x86.Build.0 = Debug|x86
		{AB070DA7-47C2-4C3E-88E0-7EF61C345300}.Release|Any CPU.ActiveCfg = Release|x86
		{AB070DA7-47C2-4C3E-88E0-7EF61C345300}.Release|Mixed Platforms.ActiveCfg = Release|x86
		{AB070DA7-47C2-4C3E-88E0-7EF61C345300}.Release|Mixed Platforms.Build.0 = Release|x86
		{AB070DA7-47C2-4C3E-88E0-7EF61C345300}.Release|Win32.ActiveCfg = Release|x64
		{AB070DA7-47C2-4C3E-88E0-7EF61C345300}.Release|x64.ActiveCfg = Release|x64
		{AB070DA7-47C2-4C3E-88E0-7EF61C345300}.Release|x64.Build.0 = Release|x64
		{AB070DA7-47C2-4C3E-88E0-7EF61C345300}.Release|x86.ActiveCfg = Release|x86
		{AB070DA7-47C2-4C3E-88E0-7EF61C345300}.Release|x86.Build.0 = Release|x86
		{526663CA-29BD-47CB-852E-E94A23A63520}.Debug|Any CPU.ActiveCfg = Debug|x86
		{526663CA-29BD-47CB-852E-E94A23A63520}.Debug|Mixed Platforms.ActiveCfg = Debug|x86
		{526663CA-29BD-47CB-852E-E94A23A63520}.Debug|Win32.ActiveCfg = Debug|x86
		{526663CA-29BD-47CB-852E-E94A23A63520}.Debug|x64.ActiveCfg = Debug|x86
		{526663CA-29BD-47CB-852E-E94A23A63520}.Debug|x86.ActiveCfg = Debug|x86
		{526663CA-29BD-47CB-852E-E94A23A63520}.Debug|x86.Build.0 = Debug|x86
		{526663CA-29BD-47CB-852E-E94A23A63520}.Release|Any CPU.ActiveCfg = Release|x86
		{526663CA-29BD-47CB-852E-E94A23A63520}.Release|Mixed Platforms.ActiveCfg = Release|x86
		{526663CA-29BD-47CB-852E-E94A23A63520}.Release|Mixed Platforms.Build.0 = Release|x86
		{526663CA-29BD-47CB-852E-E94A23A63520}.Release|Win32.ActiveCfg = Release|x86
		{526663CA-29BD-47CB-852E-E94A23A63520}.Release|x64.ActiveCfg = Release|x86
		{526663CA-29BD-47CB-852E-E94A23A63520}.Release|x64.Build.0 = Release|x86
		{526663CA-29BD-47CB-852E-E94A23A63520}.Release|x86.ActiveCfg = Release|x86
		{526663CA-29BD-47CB-852E-E94A23A63520}.Release|x86.Build.0 = Release|x86
		{3755C085-8205-48DD-86C4-BE47E221ECDB}.Debug|Any CPU.ActiveCfg = Debug|x86
		{3755C085-8205-48DD-86C4-BE47E221ECDB}.Debug|Mixed Platforms.ActiveCfg = Debug|x86
		{3755C085-8205-48DD-86C4-BE47E221ECDB}.Debug|Win32.ActiveCfg = Debug|x64
		{3755C085-8205-48DD-86C4-BE47E221ECDB}.Debug|x64.ActiveCfg = Debug|x86
		{3755C085-8205-48DD-86C4-BE47E221ECDB}.Debug|x86.ActiveCfg = Debug|x86
		{3755C085-8205-48DD-86C4-BE47E221ECDB}.Debug|x86.Build.0 = Debug|x86
		{3755C085-8205-48DD-86C4-BE47E221ECDB}.Release|Any CPU.ActiveCfg = Release|x86
		{3755C085-8205-48DD-86C4-BE47E221ECDB}.Release|Mixed Platforms.ActiveCfg = Release|x86
		{3755C085-8205-48DD-86C4-BE47E221ECDB}.Release|Mixed Platforms.Build.0 = Release|x86
		{3755C085-8205-48DD-86C4-BE47E221ECDB}.Release|Win32.ActiveCfg = Release|x64
		{3755C085-8205-48DD-86C4-BE47E221ECDB}.Release|x64.ActiveCfg = Release|x64
		{3755C085-8205-48DD-86C4-BE47E221ECDB}.Release|x64.Build.0 = Release|x64
		{3755C085-8205-48DD-86C4-BE47E221ECDB}.Release|x86.ActiveCfg = Release|x86
		{3755C085-8205-48DD-86C4-BE47E221ECDB}.Release|x86.Build.0 = Release|x86
		{BD96B4B0-5198-4118-9D72-D23836858B85}.Debug|Any CPU.ActiveCfg = Debug|x86
		{BD96B4B0-5198-4118-9D72-D23836858B85}.Debug|Mixed Platforms.ActiveCfg = Debug|x86
		{BD96B4B0-5198-4118-9D72-D23836858B85}.Debug|Win32.ActiveCfg = Debug|x86
		{BD96B4B0-5198-4118-9D72-D23836858B85}.Debug|x64.ActiveCfg = Debug|x86
		{BD96B4B0-5198-4118-9D72-D23836858B85}.Debug|x86.ActiveCfg = Debug|x86
		{BD96B4B0-5198-4118-9D72-D23836858B85}.Debug|x86.Build.0 = Debug|x86
		{BD96B4B0-5198-4118-9D72-D23836858B85}.Release|Any CPU.ActiveCfg = Release|x86
		{BD96B4B0-5198-4118-9D72-D23836858B85}.Release|Mixed Platforms.ActiveCfg = Release|x86
		{BD96B4B0-5198-4118-9D72-D23836858B85}.Release|Mixed Platforms.Build.0 = Release|x86
		{BD96B4B0-5198-4118-9D72-D23836858B85}.Release|Win32.ActiveCfg = Release|x86
		{BD96B4B0-5198-4118-9D72-D23836858B85}.Release|x64.ActiveCfg = Release|x86
		{BD96B4B0-5198-4118-9D72-D23836858B85}.Release|x64.Build.0 = Release|x86
		{BD96B4B0-5198-4118-9D72-D23836858B85}.Release|x86.ActiveCfg = Release|x86
		{BD96B4B0-5198-4118-9D72-D23836858B85}.Release|x86.Build.0 = Release|x86
		{19007E1F-0BAB-471C-BE79-5B468FAC31C2}.Debug|Any CPU.ActiveCfg = Debug|x86
		{19007E1F-0BAB-471C-BE79-5B468FAC31C2}.Debug|Mixed Platforms.ActiveCfg = Debug|x86
		{19007E1F-0BAB-471C-BE79-5B468FAC31C2}.Debug|Win32.ActiveCfg = Debug|x86
		{19007E1F-0BAB-471C-BE79-5B468FAC31C2}.Debug|x64.ActiveCfg = Debug|x86
		{19007E1F-0BAB-471C-BE79-5B468FAC31C2}.Debug|x86.ActiveCfg = Debug|x86
		{19007E1F-0BAB-471C-BE79-5B468FAC31C2}.Debug|x86.Build.0 = Debug|x86
		{19007E1F-0BAB-471C-BE79-5B468FAC31C2}.Release|Any CPU.ActiveCfg = Release|x86
		{19007E1F-0BAB-471C-BE79-5B468FAC31C2}.Release|Mixed Platforms.ActiveCfg = Release|x86
		{19007E1F-0BAB-471C-BE79-5B468FAC31C2}.Release|Mixed Platforms.Build.0 = Release|x86
		{19007E1F-0BAB-471C-BE79-5B468FAC31C2}.Release|Win32.ActiveCfg = Release|x86
		{19007E1F-0BAB-471C-BE79-5B468FAC31C2}.Release|x64.ActiveCfg = Release|x86
		{19007E1F-0BAB-471C-BE79-5B468FAC31C2}.Release|x64.Build.0 = Release|x86
		{19007E1F-0BAB-471C-BE79-5B468FAC31C2}.Release|x86.ActiveCfg = Release|x86
		{19007E1F-0BAB-471C-BE79-5B468FAC31C2}.Release|x86.Build.0 = Release|x86
		{0570F333-4FB3-4931-BE0D-7AA03939B7B8}.Debug|Any CPU.ActiveCfg = Debug|x86
		{0570F333-4FB3-4931-BE0D-7AA03939B7B8}.Debug|Mixed Platforms.ActiveCfg = Debug|x86
		{0570F333-4FB3-4931-BE0D-7AA03939B7B8}.Debug|Win32.ActiveCfg = Debug|x86
		{0570F333-4FB3-4931-BE0D-7AA03939B7B8}.Debug|x64.ActiveCfg = Debug|x86
		{0570F333-4FB3-4931-BE0D-7AA03939B7B8}.Debug|x86.ActiveCfg = Debug|x86
		{0570F333-4FB3-4931-BE0D-7AA03939B7B8}.Debug|x86.Build.0 = Debug|x86
		{0570F333-4FB3-4931-BE0D-7AA03939B7B8}.Release|Any CPU.ActiveCfg = Release|x86
		{0570F333-4FB3-4931-BE0D-7AA03939B7B8}.Release|Mixed Platforms.ActiveCfg = Release|x86
		{0570F333-4FB3-4931-BE0D-7AA03939B7B8}.Release|Mixed Platforms.Build.0 = Release|x86
		{0570F333-4FB3-4931-BE0D-7AA03939B7B8}.Release|Win32.ActiveCfg = Release|x86
		{0570F333-4FB3-4931-BE0D-7AA03939B7B8}.Release|x64.ActiveCfg = Release|x86
		{0570F333-4FB3-4931-BE0D-7AA03939B7B8}.Release|x64.Build.0 = Release|x86
		{0570F333-4FB3-4931-BE0D-7AA03939B7B8}.Release|x86.ActiveCfg = Release|x86
		{0570F333-4FB3-4931-BE0D-7AA03939B7B8}.Release|x86.Build.0 = Release|x86
		{9482D1D7-73E5-43B3-91CD-9CD38EDE948B}.Debug|Any CPU.ActiveCfg = Debug|x86
		{9482D1D7-73E5-43B3-91CD-9CD38EDE948B}.Debug|Mixed Platforms.ActiveCfg = Debug|x86
		{9482D1D7-73E5-43B3-91CD-9CD38EDE948B}.Debug|Win32.ActiveCfg = Debug|x86
		{9482D1D7-73E5-43B3-91CD-9CD38EDE948B}.Debug|x64.ActiveCfg = Debug|x86
		{9482D1D7-73E5-43B3-91CD-9CD38EDE948B}.Debug|x86.ActiveCfg = Debug|x86
		{9482D1D7-73E5-43B3-91CD-9CD38EDE948B}.Debug|x86.Build.0 = Debug|x86
		{9482D1D7-73E5-43B3-91CD-9CD38EDE948B}.Release|Any CPU.ActiveCfg = Release|x86
		{9482D1D7-73E5-43B3-91CD-9CD38EDE948B}.Release|Mixed Platforms.ActiveCfg = Release|x86
		{9482D1D7-73E5-43B3-91CD-9CD38EDE948B}.Release|Mixed Platforms.Build.0 = Release|x86
		{9482D1D7-73E5-43B3-91CD-9CD38EDE948B}.Release|Win32.ActiveCfg = Release|x86
		{9482D1D7-73E5-43B3-91CD-9CD38EDE948B}.Release|x64.ActiveCfg = Release|x86
		{9482D1D7-73E5-43B3-91CD-9CD38EDE948B}.Release|x64.Build.0 = Release|x86
		{9482D1D7-73E5-43B3-91CD-9CD38EDE948B}.Release|x86.ActiveCfg = Release|x86
		{9482D1D7-73E5-43B3-91CD-9CD38EDE948B}.Release|x86.Build.0 = Release|x86
		{2BFFF0A1-5AA4-4906-A1C8-7260A2D2E5CC}.Debug|Any CPU.ActiveCfg = Debug|Any CPU
		{2BFFF0A1-5AA4-4906-A1C8-7260A2D2E5CC}.Debug|Any CPU.Build.0 = Debug|Any CPU
		{2BFFF0A1-5AA4-4906-A1C8-7260A2D2E5CC}.Debug|Mixed Platforms.ActiveCfg = Debug|Any CPU
		{2BFFF0A1-5AA4-4906-A1C8-7260A2D2E5CC}.Debug|Win32.ActiveCfg = Debug|Any CPU
		{2BFFF0A1-5AA4-4906-A1C8-7260A2D2E5CC}.Debug|x64.ActiveCfg = Debug|Any CPU
		{2BFFF0A1-5AA4-4906-A1C8-7260A2D2E5CC}.Debug|x86.ActiveCfg = Debug|Any CPU
		{2BFFF0A1-5AA4-4906-A1C8-7260A2D2E5CC}.Release|Any CPU.ActiveCfg = Release|Any CPU
		{2BFFF0A1-5AA4-4906-A1C8-7260A2D2E5CC}.Release|Any CPU.Build.0 = Release|Any CPU
		{2BFFF0A1-5AA4-4906-A1C8-7260A2D2E5CC}.Release|Mixed Platforms.ActiveCfg = Release|Any CPU
		{2BFFF0A1-5AA4-4906-A1C8-7260A2D2E5CC}.Release|Mixed Platforms.Build.0 = Release|Any CPU
		{2BFFF0A1-5AA4-4906-A1C8-7260A2D2E5CC}.Release|Win32.ActiveCfg = Release|Any CPU
		{2BFFF0A1-5AA4-4906-A1C8-7260A2D2E5CC}.Release|x64.ActiveCfg = Release|Any CPU
		{2BFFF0A1-5AA4-4906-A1C8-7260A2D2E5CC}.Release|x64.Build.0 = Release|Any CPU
		{2BFFF0A1-5AA4-4906-A1C8-7260A2D2E5CC}.Release|x86.ActiveCfg = Release|Any CPU
		{4460A98B-4C2B-484E-B38F-6B476454A1B3}.Debug|Any CPU.ActiveCfg = Debug|x86
		{4460A98B-4C2B-484E-B38F-6B476454A1B3}.Debug|Mixed Platforms.ActiveCfg = Debug|x86
		{4460A98B-4C2B-484E-B38F-6B476454A1B3}.Debug|Win32.ActiveCfg = Debug|x86
		{4460A98B-4C2B-484E-B38F-6B476454A1B3}.Debug|x64.ActiveCfg = Debug|x86
		{4460A98B-4C2B-484E-B38F-6B476454A1B3}.Debug|x86.ActiveCfg = Debug|x86
		{4460A98B-4C2B-484E-B38F-6B476454A1B3}.Debug|x86.Build.0 = Debug|x86
		{4460A98B-4C2B-484E-B38F-6B476454A1B3}.Release|Any CPU.ActiveCfg = Release|x86
		{4460A98B-4C2B-484E-B38F-6B476454A1B3}.Release|Mixed Platforms.ActiveCfg = Release|x86
		{4460A98B-4C2B-484E-B38F-6B476454A1B3}.Release|Mixed Platforms.Build.0 = Release|x86
		{4460A98B-4C2B-484E-B38F-6B476454A1B3}.Release|Win32.ActiveCfg = Release|x86
		{4460A98B-4C2B-484E-B38F-6B476454A1B3}.Release|x64.ActiveCfg = Release|x86
		{4460A98B-4C2B-484E-B38F-6B476454A1B3}.Release|x64.Build.0 = Release|x86
		{4460A98B-4C2B-484E-B38F-6B476454A1B3}.Release|x86.ActiveCfg = Release|x86
		{4460A98B-4C2B-484E-B38F-6B476454A1B3}.Release|x86.Build.0 = Release|x86
		{B993831A-5207-47FF-ACFA-5EBC758459F6}.Debug|Any CPU.ActiveCfg = Debug|x86
		{B993831A-5207-47FF-ACFA-5EBC758459F6}.Debug|Mixed Platforms.ActiveCfg = Debug|x86
		{B993831A-5207-47FF-ACFA-5EBC758459F6}.Debug|Win32.ActiveCfg = Debug|x86
		{B993831A-5207-47FF-ACFA-5EBC758459F6}.Debug|x64.ActiveCfg = Debug|x86
		{B993831A-5207-47FF-ACFA-5EBC758459F6}.Debug|x86.ActiveCfg = Debug|x86
		{B993831A-5207-47FF-ACFA-5EBC758459F6}.Debug|x86.Build.0 = Debug|x86
		{B993831A-5207-47FF-ACFA-5EBC758459F6}.Release|Any CPU.ActiveCfg = Release|x86
		{B993831A-5207-47FF-ACFA-5EBC758459F6}.Release|Mixed Platforms.ActiveCfg = Release|x86
		{B993831A-5207-47FF-ACFA-5EBC758459F6}.Release|Mixed Platforms.Build.0 = Release|x86
		{B993831A-5207-47FF-ACFA-5EBC758459F6}.Release|Win32.ActiveCfg = Release|x86
		{B993831A-5207-47FF-ACFA-5EBC758459F6}.Release|x64.ActiveCfg = Release|x86
		{B993831A-5207-47FF-ACFA-5EBC758459F6}.Release|x64.Build.0 = Release|x86
		{B993831A-5207-47FF-ACFA-5EBC758459F6}.Release|x86.ActiveCfg = Release|x86
		{B993831A-5207-47FF-ACFA-5EBC758459F6}.Release|x86.Build.0 = Release|x86
		{1FE7337A-75C5-466D-99ED-FAB4412D47AA}.Debug|Any CPU.ActiveCfg = Debug|x86
		{1FE7337A-75C5-466D-99ED-FAB4412D47AA}.Debug|Mixed Platforms.ActiveCfg = Debug|x86
		{1FE7337A-75C5-466D-99ED-FAB4412D47AA}.Debug|Win32.ActiveCfg = Debug|x86
		{1FE7337A-75C5-466D-99ED-FAB4412D47AA}.Debug|x64.ActiveCfg = Debug|x86
		{1FE7337A-75C5-466D-99ED-FAB4412D47AA}.Debug|x86.ActiveCfg = Debug|x86
		{1FE7337A-75C5-466D-99ED-FAB4412D47AA}.Debug|x86.Build.0 = Debug|x86
		{1FE7337A-75C5-466D-99ED-FAB4412D47AA}.Release|Any CPU.ActiveCfg = Release|x86
		{1FE7337A-75C5-466D-99ED-FAB4412D47AA}.Release|Mixed Platforms.ActiveCfg = Release|x86
		{1FE7337A-75C5-466D-99ED-FAB4412D47AA}.Release|Mixed Platforms.Build.0 = Release|x86
		{1FE7337A-75C5-466D-99ED-FAB4412D47AA}.Release|Win32.ActiveCfg = Release|x86
		{1FE7337A-75C5-466D-99ED-FAB4412D47AA}.Release|x64.ActiveCfg = Release|x86
		{1FE7337A-75C5-466D-99ED-FAB4412D47AA}.Release|x64.Build.0 = Release|x86
		{1FE7337A-75C5-466D-99ED-FAB4412D47AA}.Release|x86.ActiveCfg = Release|x86
		{1FE7337A-75C5-466D-99ED-FAB4412D47AA}.Release|x86.Build.0 = Release|x86
		{ABE6A84F-A702-492A-A646-FECE897185C1}.Debug|Any CPU.ActiveCfg = Debug|x86
		{ABE6A84F-A702-492A-A646-FECE897185C1}.Debug|Mixed Platforms.ActiveCfg = Debug|x86
		{ABE6A84F-A702-492A-A646-FECE897185C1}.Debug|Win32.ActiveCfg = Debug|x64
		{ABE6A84F-A702-492A-A646-FECE897185C1}.Debug|x64.ActiveCfg = Debug|x86
		{ABE6A84F-A702-492A-A646-FECE897185C1}.Debug|x86.ActiveCfg = Debug|x86
		{ABE6A84F-A702-492A-A646-FECE897185C1}.Debug|x86.Build.0 = Debug|x86
		{ABE6A84F-A702-492A-A646-FECE897185C1}.Release|Any CPU.ActiveCfg = Release|x86
		{ABE6A84F-A702-492A-A646-FECE897185C1}.Release|Mixed Platforms.ActiveCfg = Release|x86
		{ABE6A84F-A702-492A-A646-FECE897185C1}.Release|Mixed Platforms.Build.0 = Release|x86
		{ABE6A84F-A702-492A-A646-FECE897185C1}.Release|Win32.ActiveCfg = Release|x64
		{ABE6A84F-A702-492A-A646-FECE897185C1}.Release|x64.ActiveCfg = Release|x64
		{ABE6A84F-A702-492A-A646-FECE897185C1}.Release|x64.Build.0 = Release|x64
		{ABE6A84F-A702-492A-A646-FECE897185C1}.Release|x86.ActiveCfg = Release|x86
		{ABE6A84F-A702-492A-A646-FECE897185C1}.Release|x86.Build.0 = Release|x86
		{9FC977C0-2D23-49C7-9C89-820ECA5B4CAB}.Debug|Any CPU.ActiveCfg = Debug|x86
		{9FC977C0-2D23-49C7-9C89-820ECA5B4CAB}.Debug|Mixed Platforms.ActiveCfg = Debug|x86
		{9FC977C0-2D23-49C7-9C89-820ECA5B4CAB}.Debug|Win32.ActiveCfg = Debug|x86
		{9FC977C0-2D23-49C7-9C89-820ECA5B4CAB}.Debug|x64.ActiveCfg = Debug|x86
		{9FC977C0-2D23-49C7-9C89-820ECA5B4CAB}.Debug|x86.ActiveCfg = Debug|x86
		{9FC977C0-2D23-49C7-9C89-820ECA5B4CAB}.Debug|x86.Build.0 = Debug|x86
		{9FC977C0-2D23-49C7-9C89-820ECA5B4CAB}.Release|Any CPU.ActiveCfg = Release|x86
		{9FC977C0-2D23-49C7-9C89-820ECA5B4CAB}.Release|Mixed Platforms.ActiveCfg = Release|x86
		{9FC977C0-2D23-49C7-9C89-820ECA5B4CAB}.Release|Mixed Platforms.Build.0 = Release|x86
		{9FC977C0-2D23-49C7-9C89-820ECA5B4CAB}.Release|Win32.ActiveCfg = Release|x86
		{9FC977C0-2D23-49C7-9C89-820ECA5B4CAB}.Release|x64.ActiveCfg = Release|x86
		{9FC977C0-2D23-49C7-9C89-820ECA5B4CAB}.Release|x64.Build.0 = Release|x86
		{9FC977C0-2D23-49C7-9C89-820ECA5B4CAB}.Release|x86.ActiveCfg = Release|x86
		{9FC977C0-2D23-49C7-9C89-820ECA5B4CAB}.Release|x86.Build.0 = Release|x86
		{1FCFC2BF-5C4F-4D47-AEC7-E1FF778D082F}.Debug|Any CPU.ActiveCfg = Debug|x86
		{1FCFC2BF-5C4F-4D47-AEC7-E1FF778D082F}.Debug|Mixed Platforms.ActiveCfg = Debug|x86
		{1FCFC2BF-5C4F-4D47-AEC7-E1FF778D082F}.Debug|Win32.ActiveCfg = Debug|x86
		{1FCFC2BF-5C4F-4D47-AEC7-E1FF778D082F}.Debug|x64.ActiveCfg = Debug|x86
		{1FCFC2BF-5C4F-4D47-AEC7-E1FF778D082F}.Debug|x86.ActiveCfg = Debug|x86
		{1FCFC2BF-5C4F-4D47-AEC7-E1FF778D082F}.Debug|x86.Build.0 = Debug|x86
		{1FCFC2BF-5C4F-4D47-AEC7-E1FF778D082F}.Release|Any CPU.ActiveCfg = Release|x86
		{1FCFC2BF-5C4F-4D47-AEC7-E1FF778D082F}.Release|Mixed Platforms.ActiveCfg = Release|x86
		{1FCFC2BF-5C4F-4D47-AEC7-E1FF778D082F}.Release|Mixed Platforms.Build.0 = Release|x86
		{1FCFC2BF-5C4F-4D47-AEC7-E1FF778D082F}.Release|Win32.ActiveCfg = Release|x86
		{1FCFC2BF-5C4F-4D47-AEC7-E1FF778D082F}.Release|x64.ActiveCfg = Release|x86
		{1FCFC2BF-5C4F-4D47-AEC7-E1FF778D082F}.Release|x64.Build.0 = Release|x86
		{1FCFC2BF-5C4F-4D47-AEC7-E1FF778D082F}.Release|x86.ActiveCfg = Release|x86
		{1FCFC2BF-5C4F-4D47-AEC7-E1FF778D082F}.Release|x86.Build.0 = Release|x86
		{0ABB7E57-DFC1-4F88-8B3B-5835AD322DA3}.Debug|Any CPU.ActiveCfg = Debug|x86
		{0ABB7E57-DFC1-4F88-8B3B-5835AD322DA3}.Debug|Mixed Platforms.ActiveCfg = Debug|x86
		{0ABB7E57-DFC1-4F88-8B3B-5835AD322DA3}.Debug|Win32.ActiveCfg = Debug|x86
		{0ABB7E57-DFC1-4F88-8B3B-5835AD322DA3}.Debug|x64.ActiveCfg = Debug|x86
		{0ABB7E57-DFC1-4F88-8B3B-5835AD322DA3}.Debug|x86.ActiveCfg = Debug|x86
		{0ABB7E57-DFC1-4F88-8B3B-5835AD322DA3}.Debug|x86.Build.0 = Debug|x86
		{0ABB7E57-DFC1-4F88-8B3B-5835AD322DA3}.Release|Any CPU.ActiveCfg = Release|x86
		{0ABB7E57-DFC1-4F88-8B3B-5835AD322DA3}.Release|Mixed Platforms.ActiveCfg = Release|x86
		{0ABB7E57-DFC1-4F88-8B3B-5835AD322DA3}.Release|Mixed Platforms.Build.0 = Release|x86
		{0ABB7E57-DFC1-4F88-8B3B-5835AD322DA3}.Release|Win32.ActiveCfg = Release|x86
		{0ABB7E57-DFC1-4F88-8B3B-5835AD322DA3}.Release|x64.ActiveCfg = Release|x86
		{0ABB7E57-DFC1-4F88-8B3B-5835AD322DA3}.Release|x64.Build.0 = Release|x86
		{0ABB7E57-DFC1-4F88-8B3B-5835AD322DA3}.Release|x86.ActiveCfg = Release|x86
		{0ABB7E57-DFC1-4F88-8B3B-5835AD322DA3}.Release|x86.Build.0 = Release|x86
		{73E878AF-DDC7-436E-9A17-386F522EB967}.Debug|Any CPU.ActiveCfg = Debug|x86
		{73E878AF-DDC7-436E-9A17-386F522EB967}.Debug|Mixed Platforms.ActiveCfg = Debug|x86
		{73E878AF-DDC7-436E-9A17-386F522EB967}.Debug|Win32.ActiveCfg = Debug|x86
		{73E878AF-DDC7-436E-9A17-386F522EB967}.Debug|x64.ActiveCfg = Debug|x86
		{73E878AF-DDC7-436E-9A17-386F522EB967}.Debug|x86.ActiveCfg = Debug|x86
		{73E878AF-DDC7-436E-9A17-386F522EB967}.Debug|x86.Build.0 = Debug|x86
		{73E878AF-DDC7-436E-9A17-386F522EB967}.Release|Any CPU.ActiveCfg = Release|x86
		{73E878AF-DDC7-436E-9A17-386F522EB967}.Release|Mixed Platforms.ActiveCfg = Release|x86
		{73E878AF-DDC7-436E-9A17-386F522EB967}.Release|Mixed Platforms.Build.0 = Release|x86
		{73E878AF-DDC7-436E-9A17-386F522EB967}.Release|Win32.ActiveCfg = Release|x86
		{73E878AF-DDC7-436E-9A17-386F522EB967}.Release|x64.ActiveCfg = Release|x86
		{73E878AF-DDC7-436E-9A17-386F522EB967}.Release|x64.Build.0 = Release|x86
		{73E878AF-DDC7-436E-9A17-386F522EB967}.Release|x86.ActiveCfg = Release|x86
		{73E878AF-DDC7-436E-9A17-386F522EB967}.Release|x86.Build.0 = Release|x86
		{5AF51760-6B8E-4AE5-9E68-AAEE52DDDDFC}.Debug|Any CPU.ActiveCfg = Debug|x86
		{5AF51760-6B8E-4AE5-9E68-AAEE52DDDDFC}.Debug|Mixed Platforms.ActiveCfg = Debug|x86
		{5AF51760-6B8E-4AE5-9E68-AAEE52DDDDFC}.Debug|Mixed Platforms.Build.0 = Debug|x86
		{5AF51760-6B8E-4AE5-9E68-AAEE52DDDDFC}.Debug|Win32.ActiveCfg = Debug|x64
		{5AF51760-6B8E-4AE5-9E68-AAEE52DDDDFC}.Debug|x64.ActiveCfg = Debug|x86
		{5AF51760-6B8E-4AE5-9E68-AAEE52DDDDFC}.Debug|x86.ActiveCfg = Debug|x86
		{5AF51760-6B8E-4AE5-9E68-AAEE52DDDDFC}.Debug|x86.Build.0 = Debug|x86
		{5AF51760-6B8E-4AE5-9E68-AAEE52DDDDFC}.Release|Any CPU.ActiveCfg = Release|x86
		{5AF51760-6B8E-4AE5-9E68-AAEE52DDDDFC}.Release|Mixed Platforms.ActiveCfg = Release|x86
		{5AF51760-6B8E-4AE5-9E68-AAEE52DDDDFC}.Release|Mixed Platforms.Build.0 = Release|x86
		{5AF51760-6B8E-4AE5-9E68-AAEE52DDDDFC}.Release|Win32.ActiveCfg = Release|x64
		{5AF51760-6B8E-4AE5-9E68-AAEE52DDDDFC}.Release|x64.ActiveCfg = Release|x86
		{5AF51760-6B8E-4AE5-9E68-AAEE52DDDDFC}.Release|x64.Build.0 = Release|x86
		{5AF51760-6B8E-4AE5-9E68-AAEE52DDDDFC}.Release|x86.ActiveCfg = Release|x86
		{5AF51760-6B8E-4AE5-9E68-AAEE52DDDDFC}.Release|x86.Build.0 = Release|x86
		{A3BCCA4A-503E-460C-93CC-F70E03D4E2A3}.Debug|Any CPU.ActiveCfg = Debug|x86
		{A3BCCA4A-503E-460C-93CC-F70E03D4E2A3}.Debug|Mixed Platforms.ActiveCfg = Debug|x86
		{A3BCCA4A-503E-460C-93CC-F70E03D4E2A3}.Debug|Win32.ActiveCfg = Debug|x64
		{A3BCCA4A-503E-460C-93CC-F70E03D4E2A3}.Debug|x64.ActiveCfg = Debug|x86
		{A3BCCA4A-503E-460C-93CC-F70E03D4E2A3}.Debug|x86.ActiveCfg = Debug|x86
		{A3BCCA4A-503E-460C-93CC-F70E03D4E2A3}.Debug|x86.Build.0 = Debug|x86
		{A3BCCA4A-503E-460C-93CC-F70E03D4E2A3}.Release|Any CPU.ActiveCfg = Release|x86
		{A3BCCA4A-503E-460C-93CC-F70E03D4E2A3}.Release|Mixed Platforms.ActiveCfg = Release|x86
		{A3BCCA4A-503E-460C-93CC-F70E03D4E2A3}.Release|Mixed Platforms.Build.0 = Release|x86
		{A3BCCA4A-503E-460C-93CC-F70E03D4E2A3}.Release|Win32.ActiveCfg = Release|x64
		{A3BCCA4A-503E-460C-93CC-F70E03D4E2A3}.Release|x64.ActiveCfg = Release|x64
		{A3BCCA4A-503E-460C-93CC-F70E03D4E2A3}.Release|x64.Build.0 = Release|x64
		{A3BCCA4A-503E-460C-93CC-F70E03D4E2A3}.Release|x86.ActiveCfg = Release|x86
		{A3BCCA4A-503E-460C-93CC-F70E03D4E2A3}.Release|x86.Build.0 = Release|x86
		{189A8B09-80F8-4CD4-A07A-A95315E1EEA6}.Debug|Any CPU.ActiveCfg = Debug|x86
		{189A8B09-80F8-4CD4-A07A-A95315E1EEA6}.Debug|Mixed Platforms.ActiveCfg = Debug|x86
		{189A8B09-80F8-4CD4-A07A-A95315E1EEA6}.Debug|Win32.ActiveCfg = Debug|x86
		{189A8B09-80F8-4CD4-A07A-A95315E1EEA6}.Debug|x64.ActiveCfg = Debug|x86
		{189A8B09-80F8-4CD4-A07A-A95315E1EEA6}.Debug|x86.ActiveCfg = Debug|x86
		{189A8B09-80F8-4CD4-A07A-A95315E1EEA6}.Debug|x86.Build.0 = Debug|x86
		{189A8B09-80F8-4CD4-A07A-A95315E1EEA6}.Release|Any CPU.ActiveCfg = Release|x86
		{189A8B09-80F8-4CD4-A07A-A95315E1EEA6}.Release|Mixed Platforms.ActiveCfg = Release|x86
		{189A8B09-80F8-4CD4-A07A-A95315E1EEA6}.Release|Mixed Platforms.Build.0 = Release|x86
		{189A8B09-80F8-4CD4-A07A-A95315E1EEA6}.Release|Win32.ActiveCfg = Release|x86
		{189A8B09-80F8-4CD4-A07A-A95315E1EEA6}.Release|x64.ActiveCfg = Release|x86
		{189A8B09-80F8-4CD4-A07A-A95315E1EEA6}.Release|x64.Build.0 = Release|x86
		{189A8B09-80F8-4CD4-A07A-A95315E1EEA6}.Release|x86.ActiveCfg = Release|x86
		{189A8B09-80F8-4CD4-A07A-A95315E1EEA6}.Release|x86.Build.0 = Release|x86
		{607213AA-3FD4-419A-800F-E15BBFC99AE5}.Debug|Any CPU.ActiveCfg = Debug|x86
		{607213AA-3FD4-419A-800F-E15BBFC99AE5}.Debug|Mixed Platforms.ActiveCfg = Debug|x86
		{607213AA-3FD4-419A-800F-E15BBFC99AE5}.Debug|Win32.ActiveCfg = Debug|x64
		{607213AA-3FD4-419A-800F-E15BBFC99AE5}.Debug|x64.ActiveCfg = Debug|x86
		{607213AA-3FD4-419A-800F-E15BBFC99AE5}.Debug|x86.ActiveCfg = Debug|x86
		{607213AA-3FD4-419A-800F-E15BBFC99AE5}.Debug|x86.Build.0 = Debug|x86
		{607213AA-3FD4-419A-800F-E15BBFC99AE5}.Release|Any CPU.ActiveCfg = Release|x86
		{607213AA-3FD4-419A-800F-E15BBFC99AE5}.Release|Mixed Platforms.ActiveCfg = Release|x86
		{607213AA-3FD4-419A-800F-E15BBFC99AE5}.Release|Mixed Platforms.Build.0 = Release|x86
		{607213AA-3FD4-419A-800F-E15BBFC99AE5}.Release|Win32.ActiveCfg = Release|x64
		{607213AA-3FD4-419A-800F-E15BBFC99AE5}.Release|x64.ActiveCfg = Release|x64
		{607213AA-3FD4-419A-800F-E15BBFC99AE5}.Release|x64.Build.0 = Release|x64
		{607213AA-3FD4-419A-800F-E15BBFC99AE5}.Release|x86.ActiveCfg = Release|x86
		{607213AA-3FD4-419A-800F-E15BBFC99AE5}.Release|x86.Build.0 = Release|x86
		{27DCF77E-636C-49E5-8414-0AC21D0DFA9C}.Debug|Any CPU.ActiveCfg = Debug|x86
		{27DCF77E-636C-49E5-8414-0AC21D0DFA9C}.Debug|Mixed Platforms.ActiveCfg = Debug|x86
		{27DCF77E-636C-49E5-8414-0AC21D0DFA9C}.Debug|Win32.ActiveCfg = Debug|x64
		{27DCF77E-636C-49E5-8414-0AC21D0DFA9C}.Debug|x64.ActiveCfg = Debug|x86
		{27DCF77E-636C-49E5-8414-0AC21D0DFA9C}.Debug|x86.ActiveCfg = Debug|x86
		{27DCF77E-636C-49E5-8414-0AC21D0DFA9C}.Debug|x86.Build.0 = Debug|x86
		{27DCF77E-636C-49E5-8414-0AC21D0DFA9C}.Release|Any CPU.ActiveCfg = Release|x86
		{27DCF77E-636C-49E5-8414-0AC21D0DFA9C}.Release|Mixed Platforms.ActiveCfg = Release|x86
		{27DCF77E-636C-49E5-8414-0AC21D0DFA9C}.Release|Mixed Platforms.Build.0 = Release|x86
		{27DCF77E-636C-49E5-8414-0AC21D0DFA9C}.Release|Win32.ActiveCfg = Release|x64
		{27DCF77E-636C-49E5-8414-0AC21D0DFA9C}.Release|x64.ActiveCfg = Release|x64
		{27DCF77E-636C-49E5-8414-0AC21D0DFA9C}.Release|x64.Build.0 = Release|x64
		{27DCF77E-636C-49E5-8414-0AC21D0DFA9C}.Release|x86.ActiveCfg = Release|x86
		{27DCF77E-636C-49E5-8414-0AC21D0DFA9C}.Release|x86.Build.0 = Release|x86
		{4773B5A8-8AC4-46A3-8A9F-1AA521B0A36D}.Debug|Any CPU.ActiveCfg = Debug|x86
		{4773B5A8-8AC4-46A3-8A9F-1AA521B0A36D}.Debug|Mixed Platforms.ActiveCfg = Debug|x86
		{4773B5A8-8AC4-46A3-8A9F-1AA521B0A36D}.Debug|Win32.ActiveCfg = Debug|x64
		{4773B5A8-8AC4-46A3-8A9F-1AA521B0A36D}.Debug|x64.ActiveCfg = Debug|x86
		{4773B5A8-8AC4-46A3-8A9F-1AA521B0A36D}.Debug|x86.ActiveCfg = Debug|x86
		{4773B5A8-8AC4-46A3-8A9F-1AA521B0A36D}.Debug|x86.Build.0 = Debug|x86
		{4773B5A8-8AC4-46A3-8A9F-1AA521B0A36D}.Release|Any CPU.ActiveCfg = Release|x86
		{4773B5A8-8AC4-46A3-8A9F-1AA521B0A36D}.Release|Mixed Platforms.ActiveCfg = Release|x86
		{4773B5A8-8AC4-46A3-8A9F-1AA521B0A36D}.Release|Mixed Platforms.Build.0 = Release|x86
		{4773B5A8-8AC4-46A3-8A9F-1AA521B0A36D}.Release|Win32.ActiveCfg = Release|x64
		{4773B5A8-8AC4-46A3-8A9F-1AA521B0A36D}.Release|x64.ActiveCfg = Release|x64
		{4773B5A8-8AC4-46A3-8A9F-1AA521B0A36D}.Release|x64.Build.0 = Release|x64
		{4773B5A8-8AC4-46A3-8A9F-1AA521B0A36D}.Release|x86.ActiveCfg = Release|x86
		{4773B5A8-8AC4-46A3-8A9F-1AA521B0A36D}.Release|x86.Build.0 = Release|x86
		{C5BC2486-1C50-4A60-83D0-901328C35551}.Debug|Any CPU.ActiveCfg = Debug|x86
		{C5BC2486-1C50-4A60-83D0-901328C35551}.Debug|Mixed Platforms.ActiveCfg = Debug|x86
		{C5BC2486-1C50-4A60-83D0-901328C35551}.Debug|Win32.ActiveCfg = Debug|x64
		{C5BC2486-1C50-4A60-83D0-901328C35551}.Debug|x64.ActiveCfg = Debug|x86
		{C5BC2486-1C50-4A60-83D0-901328C35551}.Debug|x86.ActiveCfg = Debug|x86
		{C5BC2486-1C50-4A60-83D0-901328C35551}.Debug|x86.Build.0 = Debug|x86
		{C5BC2486-1C50-4A60-83D0-901328C35551}.Release|Any CPU.ActiveCfg = Release|x86
		{C5BC2486-1C50-4A60-83D0-901328C35551}.Release|Mixed Platforms.ActiveCfg = Release|x86
		{C5BC2486-1C50-4A60-83D0-901328C35551}.Release|Mixed Platforms.Build.0 = Release|x86
		{C5BC2486-1C50-4A60-83D0-901328C35551}.Release|Win32.ActiveCfg = Release|x64
		{C5BC2486-1C50-4A60-83D0-901328C35551}.Release|x64.ActiveCfg = Release|x64
		{C5BC2486-1C50-4A60-83D0-901328C35551}.Release|x64.Build.0 = Release|x64
		{C5BC2486-1C50-4A60-83D0-901328C35551}.Release|x86.ActiveCfg = Release|x86
		{C5BC2486-1C50-4A60-83D0-901328C35551}.Release|x86.Build.0 = Release|x86
		{848BC984-5F6F-46FC-9D0D-E0CFC8E2B868}.Debug|Any CPU.ActiveCfg = Debug|x86
		{848BC984-5F6F-46FC-9D0D-E0CFC8E2B868}.Debug|Mixed Platforms.ActiveCfg = Debug|x86
		{848BC984-5F6F-46FC-9D0D-E0CFC8E2B868}.Debug|Win32.ActiveCfg = Debug|x64
		{848BC984-5F6F-46FC-9D0D-E0CFC8E2B868}.Debug|x64.ActiveCfg = Debug|x86
		{848BC984-5F6F-46FC-9D0D-E0CFC8E2B868}.Debug|x86.ActiveCfg = Debug|x86
		{848BC984-5F6F-46FC-9D0D-E0CFC8E2B868}.Debug|x86.Build.0 = Debug|x86
		{848BC984-5F6F-46FC-9D0D-E0CFC8E2B868}.Release|Any CPU.ActiveCfg = Release|x86
		{848BC984-5F6F-46FC-9D0D-E0CFC8E2B868}.Release|Mixed Platforms.ActiveCfg = Release|x86
		{848BC984-5F6F-46FC-9D0D-E0CFC8E2B868}.Release|Mixed Platforms.Build.0 = Release|x86
		{848BC984-5F6F-46FC-9D0D-E0CFC8E2B868}.Release|Win32.ActiveCfg = Release|x64
		{848BC984-5F6F-46FC-9D0D-E0CFC8E2B868}.Release|x64.ActiveCfg = Release|x86
		{848BC984-5F6F-46FC-9D0D-E0CFC8E2B868}.Release|x64.Build.0 = Release|x86
		{848BC984-5F6F-46FC-9D0D-E0CFC8E2B868}.Release|x86.ActiveCfg = Release|x86
		{848BC984-5F6F-46FC-9D0D-E0CFC8E2B868}.Release|x86.Build.0 = Release|x86
		{6B1ACD44-F826-4463-A408-44077632AFBC}.Debug|Any CPU.ActiveCfg = Debug|x86
		{6B1ACD44-F826-4463-A408-44077632AFBC}.Debug|Mixed Platforms.ActiveCfg = Debug|x86
		{6B1ACD44-F826-4463-A408-44077632AFBC}.Debug|Win32.ActiveCfg = Debug|x64
		{6B1ACD44-F826-4463-A408-44077632AFBC}.Debug|x64.ActiveCfg = Debug|x86
		{6B1ACD44-F826-4463-A408-44077632AFBC}.Debug|x86.ActiveCfg = Debug|x86
		{6B1ACD44-F826-4463-A408-44077632AFBC}.Debug|x86.Build.0 = Debug|x86
		{6B1ACD44-F826-4463-A408-44077632AFBC}.Release|Any CPU.ActiveCfg = Release|x86
		{6B1ACD44-F826-4463-A408-44077632AFBC}.Release|Mixed Platforms.ActiveCfg = Release|x86
		{6B1ACD44-F826-4463-A408-44077632AFBC}.Release|Mixed Platforms.Build.0 = Release|x86
		{6B1ACD44-F826-4463-A408-44077632AFBC}.Release|Win32.ActiveCfg = Release|x64
		{6B1ACD44-F826-4463-A408-44077632AFBC}.Release|x64.ActiveCfg = Release|x64
		{6B1ACD44-F826-4463-A408-44077632AFBC}.Release|x64.Build.0 = Release|x64
		{6B1ACD44-F826-4463-A408-44077632AFBC}.Release|x86.ActiveCfg = Release|x86
		{6B1ACD44-F826-4463-A408-44077632AFBC}.Release|x86.Build.0 = Release|x86
		{025DF299-0E42-404E-81C2-FFB9AC965E36}.Debug|Any CPU.ActiveCfg = Debug|x86
		{025DF299-0E42-404E-81C2-FFB9AC965E36}.Debug|Mixed Platforms.ActiveCfg = Debug|x86
		{025DF299-0E42-404E-81C2-FFB9AC965E36}.Debug|Win32.ActiveCfg = Debug|x64
		{025DF299-0E42-404E-81C2-FFB9AC965E36}.Debug|x64.ActiveCfg = Debug|x86
		{025DF299-0E42-404E-81C2-FFB9AC965E36}.Debug|x86.ActiveCfg = Debug|x86
		{025DF299-0E42-404E-81C2-FFB9AC965E36}.Debug|x86.Build.0 = Debug|x86
		{025DF299-0E42-404E-81C2-FFB9AC965E36}.Release|Any CPU.ActiveCfg = Release|x86
		{025DF299-0E42-404E-81C2-FFB9AC965E36}.Release|Mixed Platforms.ActiveCfg = Release|x86
		{025DF299-0E42-404E-81C2-FFB9AC965E36}.Release|Mixed Platforms.Build.0 = Release|x86
		{025DF299-0E42-404E-81C2-FFB9AC965E36}.Release|Win32.ActiveCfg = Release|x64
		{025DF299-0E42-404E-81C2-FFB9AC965E36}.Release|x64.ActiveCfg = Release|x64
		{025DF299-0E42-404E-81C2-FFB9AC965E36}.Release|x64.Build.0 = Release|x64
		{025DF299-0E42-404E-81C2-FFB9AC965E36}.Release|x86.ActiveCfg = Release|x86
		{025DF299-0E42-404E-81C2-FFB9AC965E36}.Release|x86.Build.0 = Release|x86
		{15A2BF5E-DD07-41A3-AEC9-6D07F07DF7A2}.Debug|Any CPU.ActiveCfg = Debug|x86
		{15A2BF5E-DD07-41A3-AEC9-6D07F07DF7A2}.Debug|Mixed Platforms.ActiveCfg = Debug|x86
		{15A2BF5E-DD07-41A3-AEC9-6D07F07DF7A2}.Debug|Win32.ActiveCfg = Debug|x86
		{15A2BF5E-DD07-41A3-AEC9-6D07F07DF7A2}.Debug|x64.ActiveCfg = Debug|x86
		{15A2BF5E-DD07-41A3-AEC9-6D07F07DF7A2}.Debug|x86.ActiveCfg = Debug|x86
		{15A2BF5E-DD07-41A3-AEC9-6D07F07DF7A2}.Debug|x86.Build.0 = Debug|x86
		{15A2BF5E-DD07-41A3-AEC9-6D07F07DF7A2}.Release|Any CPU.ActiveCfg = Release|x86
		{15A2BF5E-DD07-41A3-AEC9-6D07F07DF7A2}.Release|Mixed Platforms.ActiveCfg = Release|x86
		{15A2BF5E-DD07-41A3-AEC9-6D07F07DF7A2}.Release|Mixed Platforms.Build.0 = Release|x86
		{15A2BF5E-DD07-41A3-AEC9-6D07F07DF7A2}.Release|Win32.ActiveCfg = Release|x86
		{15A2BF5E-DD07-41A3-AEC9-6D07F07DF7A2}.Release|x64.ActiveCfg = Release|x86
		{15A2BF5E-DD07-41A3-AEC9-6D07F07DF7A2}.Release|x64.Build.0 = Release|x86
		{15A2BF5E-DD07-41A3-AEC9-6D07F07DF7A2}.Release|x86.ActiveCfg = Release|x86
		{15A2BF5E-DD07-41A3-AEC9-6D07F07DF7A2}.Release|x86.Build.0 = Release|x86
		{93E8B72D-1CF7-4732-96FB-F713F8FD9D29}.Debug|Any CPU.ActiveCfg = Debug|x86
		{93E8B72D-1CF7-4732-96FB-F713F8FD9D29}.Debug|Mixed Platforms.ActiveCfg = Debug|x86
		{93E8B72D-1CF7-4732-96FB-F713F8FD9D29}.Debug|Win32.ActiveCfg = Debug|x86
		{93E8B72D-1CF7-4732-96FB-F713F8FD9D29}.Debug|x64.ActiveCfg = Debug|x86
		{93E8B72D-1CF7-4732-96FB-F713F8FD9D29}.Debug|x86.ActiveCfg = Debug|x86
		{93E8B72D-1CF7-4732-96FB-F713F8FD9D29}.Debug|x86.Build.0 = Debug|x86
		{93E8B72D-1CF7-4732-96FB-F713F8FD9D29}.Release|Any CPU.ActiveCfg = Release|x86
		{93E8B72D-1CF7-4732-96FB-F713F8FD9D29}.Release|Mixed Platforms.ActiveCfg = Release|x86
		{93E8B72D-1CF7-4732-96FB-F713F8FD9D29}.Release|Mixed Platforms.Build.0 = Release|x86
		{93E8B72D-1CF7-4732-96FB-F713F8FD9D29}.Release|Win32.ActiveCfg = Release|x86
		{93E8B72D-1CF7-4732-96FB-F713F8FD9D29}.Release|x64.ActiveCfg = Release|x86
		{93E8B72D-1CF7-4732-96FB-F713F8FD9D29}.Release|x64.Build.0 = Release|x86
		{93E8B72D-1CF7-4732-96FB-F713F8FD9D29}.Release|x86.ActiveCfg = Release|x86
		{93E8B72D-1CF7-4732-96FB-F713F8FD9D29}.Release|x86.Build.0 = Release|x86
		{D2CC6F01-24B3-40EB-AC93-2E0F30522867}.Debug|Any CPU.ActiveCfg = Debug|x86
		{D2CC6F01-24B3-40EB-AC93-2E0F30522867}.Debug|Mixed Platforms.ActiveCfg = Debug|x86
		{D2CC6F01-24B3-40EB-AC93-2E0F30522867}.Debug|Win32.ActiveCfg = Debug|x86
		{D2CC6F01-24B3-40EB-AC93-2E0F30522867}.Debug|x64.ActiveCfg = Debug|x86
		{D2CC6F01-24B3-40EB-AC93-2E0F30522867}.Debug|x86.ActiveCfg = Debug|x86
		{D2CC6F01-24B3-40EB-AC93-2E0F30522867}.Debug|x86.Build.0 = Debug|x86
		{D2CC6F01-24B3-40EB-AC93-2E0F30522867}.Release|Any CPU.ActiveCfg = Release|x86
		{D2CC6F01-24B3-40EB-AC93-2E0F30522867}.Release|Mixed Platforms.ActiveCfg = Release|x86
		{D2CC6F01-24B3-40EB-AC93-2E0F30522867}.Release|Mixed Platforms.Build.0 = Release|x86
		{D2CC6F01-24B3-40EB-AC93-2E0F30522867}.Release|Win32.ActiveCfg = Release|x86
		{D2CC6F01-24B3-40EB-AC93-2E0F30522867}.Release|x64.ActiveCfg = Release|x86
		{D2CC6F01-24B3-40EB-AC93-2E0F30522867}.Release|x86.ActiveCfg = Release|x86
		{D2CC6F01-24B3-40EB-AC93-2E0F30522867}.Release|x86.Build.0 = Release|x86
		{4456337A-7743-4CAE-99F0-8CDECA8D7002}.Debug|Any CPU.ActiveCfg = Debug|x86
		{4456337A-7743-4CAE-99F0-8CDECA8D7002}.Debug|Mixed Platforms.ActiveCfg = Debug|x86
		{4456337A-7743-4CAE-99F0-8CDECA8D7002}.Debug|Win32.ActiveCfg = Debug|x86
		{4456337A-7743-4CAE-99F0-8CDECA8D7002}.Debug|x64.ActiveCfg = Debug|x86
		{4456337A-7743-4CAE-99F0-8CDECA8D7002}.Debug|x86.ActiveCfg = Debug|x86
		{4456337A-7743-4CAE-99F0-8CDECA8D7002}.Debug|x86.Build.0 = Debug|x86
		{4456337A-7743-4CAE-99F0-8CDECA8D7002}.Release|Any CPU.ActiveCfg = Release|x86
		{4456337A-7743-4CAE-99F0-8CDECA8D7002}.Release|Mixed Platforms.ActiveCfg = Release|x86
		{4456337A-7743-4CAE-99F0-8CDECA8D7002}.Release|Mixed Platforms.Build.0 = Release|x86
		{4456337A-7743-4CAE-99F0-8CDECA8D7002}.Release|Win32.ActiveCfg = Release|x86
		{4456337A-7743-4CAE-99F0-8CDECA8D7002}.Release|x64.ActiveCfg = Release|x86
		{4456337A-7743-4CAE-99F0-8CDECA8D7002}.Release|x64.Build.0 = Release|x86
		{4456337A-7743-4CAE-99F0-8CDECA8D7002}.Release|x86.ActiveCfg = Release|x86
		{4456337A-7743-4CAE-99F0-8CDECA8D7002}.Release|x86.Build.0 = Release|x86
	EndGlobalSection
	GlobalSection(SolutionProperties) = preSolution
		HideSolutionNode = FALSE
	EndGlobalSection
EndGlobal
