
Microsoft Visual Studio Solution File, Format Version 12.00
# Visual Studio 15
VisualStudioVersion = 15.0.26430.6
MinimumVisualStudioVersion = 10.0.40219.1
Project("{FAE04EC0-301F-11D3-BF4B-00C04F79EFBC}") = "GetPeaks3", "GetPeaks3\GetPeaks3.csproj", "{57981E44-9111-4FDC-9DA8-9700C96C67C9}"
EndProject
Project("{FAE04EC0-301F-11D3-BF4B-00C04F79EFBC}") = "GetPeaksDllLite", "GetPeaksDllLite\GetPeaksDllLite.csproj", "{BDD751D2-12FB-4004-AA8E-F7083A33AD10}"
EndProject
Project("{FAE04EC0-301F-11D3-BF4B-00C04F79EFBC}") = "DivideTargetsLibraryx64", "DivideTargetsLibraryx64\DivideTargetsLibraryx64.csproj", "{7447DDC5-4D85-4881-AB6A-7ED9E83FAB6A}"
EndProject
Project("{FAE04EC0-301F-11D3-BF4B-00C04F79EFBC}") = "HammerPeakDetector", "HammerPeakDetector\HammerPeakDetector.csproj", "{D26458E6-2DA9-49D4-9097-234FF0AB51B2}"
EndProject
Project("{FAE04EC0-301F-11D3-BF4B-00C04F79EFBC}") = "IQGlyQ", "IQGlyQ\IQGlyQ.csproj", "{7C6FD1F2-891A-4D1C-BA06-8EF62BD291CF}"
EndProject
Project("{FAE04EC0-301F-11D3-BF4B-00C04F79EFBC}") = "IQGlyQ_Console", "IQGlyQ_Console\IQGlyQ_Console.csproj", "{3E26BC29-3382-4D90-86CF-6D14836B4A6F}"
EndProject
Project("{FAE04EC0-301F-11D3-BF4B-00C04F79EFBC}") = "IQGlyQ_Console_ParameterSetup", "IQGlyQ_Console_ParameterSetup\IQGlyQ_Console_ParameterSetup.csproj", "{12B8D0C9-DAC4-436F-984E-D0BFD12813B2}"
EndProject
Project("{FAE04EC0-301F-11D3-BF4B-00C04F79EFBC}") = "ParalellTargetsLibraryX64", "ParalellTargetsLibraryX64\ParalellTargetsLibraryX64.csproj", "{688BFBC8-7FD9-4427-B95A-E4D621373384}"
EndProject
Project("{FAE04EC0-301F-11D3-BF4B-00C04F79EFBC}") = "IOTestx64", "IOTestx64\IOTestx64.csproj", "{3B8DAD81-EA3D-4C2C-8CF0-AD8B8DEFCA7A}"
EndProject
Project("{FAE04EC0-301F-11D3-BF4B-00C04F79EFBC}") = "IORun64Test", "IORun64Test\IORun64Test.csproj", "{AFB37840-8232-4FB1-B05D-649C20BADD1F}"
EndProject
Project("{FAE04EC0-301F-11D3-BF4B-00C04F79EFBC}") = "IOTestGetPeaksDLLLiteX64", "IOTestGetPeaksDLLLiteX64\IOTestGetPeaksDLLLiteX64.csproj", "{261FB888-CA06-4D7B-9268-BD6ABA60648E}"
EndProject
Project("{FAE04EC0-301F-11D3-BF4B-00C04F79EFBC}") = "IOTestGlyQIQ3x64", "IOTestGlyQIQ3x64\IOTestGlyQIQ3x64.csproj", "{EDE631A8-7699-42A1-BD54-16738B1E9D0F}"
EndProject
Project("{FAE04EC0-301F-11D3-BF4B-00C04F79EFBC}") = "IOTestDivideTargetslibraryx64", "IOTestDivideTargetslibraryx64\IOTestDivideTargetslibraryx64.csproj", "{B08B2F9C-9C68-402C-BC78-47050E30F243}"
EndProject
Project("{FAE04EC0-301F-11D3-BF4B-00C04F79EFBC}") = "TessingReferencesDLls", "TessingReferencesDLls\TessingReferencesDLls.csproj", "{BDDD5366-7D48-469E-B519-AD23337FDCB8}"
EndProject
Project("{FAE04EC0-301F-11D3-BF4B-00C04F79EFBC}") = "IQ2_x64", "..\IQ2\IQ2\IQ2_x64\IQ2_x64.csproj", "{6CBCE0DB-257C-465A-A9FC-496B61C219F0}"
EndProject
Project("{FAE04EC0-301F-11D3-BF4B-00C04F79EFBC}") = "Run64", "..\Run\Run\Run64\Run64.csproj", "{B0A313F0-E090-42F7-B9E2-E8764528685E}"
EndProject
Global
	GlobalSection(SolutionConfigurationPlatforms) = preSolution
		Debug|Any CPU = Debug|Any CPU
		Debug|Mixed Platforms = Debug|Mixed Platforms
		Debug|x64 = Debug|x64
		Debug|x86 = Debug|x86
		Release|Any CPU = Release|Any CPU
		Release|Mixed Platforms = Release|Mixed Platforms
		Release|x64 = Release|x64
		Release|x86 = Release|x86
	EndGlobalSection
	GlobalSection(ProjectConfigurationPlatforms) = postSolution
		{57981E44-9111-4FDC-9DA8-9700C96C67C9}.Debug|Any CPU.ActiveCfg = Debug|Any CPU
		{57981E44-9111-4FDC-9DA8-9700C96C67C9}.Debug|Any CPU.Build.0 = Debug|Any CPU
		{57981E44-9111-4FDC-9DA8-9700C96C67C9}.Debug|Mixed Platforms.ActiveCfg = Debug|x64
		{57981E44-9111-4FDC-9DA8-9700C96C67C9}.Debug|Mixed Platforms.Build.0 = Debug|x64
		{57981E44-9111-4FDC-9DA8-9700C96C67C9}.Debug|x64.ActiveCfg = Debug|Any CPU
		{57981E44-9111-4FDC-9DA8-9700C96C67C9}.Debug|x86.ActiveCfg = Debug|Any CPU
		{57981E44-9111-4FDC-9DA8-9700C96C67C9}.Release|Any CPU.ActiveCfg = Release|Any CPU
		{57981E44-9111-4FDC-9DA8-9700C96C67C9}.Release|Any CPU.Build.0 = Release|Any CPU
		{57981E44-9111-4FDC-9DA8-9700C96C67C9}.Release|Mixed Platforms.ActiveCfg = Release|x64
		{57981E44-9111-4FDC-9DA8-9700C96C67C9}.Release|Mixed Platforms.Build.0 = Release|x64
		{57981E44-9111-4FDC-9DA8-9700C96C67C9}.Release|x64.ActiveCfg = Release|x64
		{57981E44-9111-4FDC-9DA8-9700C96C67C9}.Release|x64.Build.0 = Release|x64
		{57981E44-9111-4FDC-9DA8-9700C96C67C9}.Release|x86.ActiveCfg = Release|Any CPU
		{BDD751D2-12FB-4004-AA8E-F7083A33AD10}.Debug|Any CPU.ActiveCfg = Debug|Any CPU
		{BDD751D2-12FB-4004-AA8E-F7083A33AD10}.Debug|Any CPU.Build.0 = Debug|Any CPU
		{BDD751D2-12FB-4004-AA8E-F7083A33AD10}.Debug|Mixed Platforms.ActiveCfg = Debug|x64
		{BDD751D2-12FB-4004-AA8E-F7083A33AD10}.Debug|Mixed Platforms.Build.0 = Debug|x64
		{BDD751D2-12FB-4004-AA8E-F7083A33AD10}.Debug|x64.ActiveCfg = Debug|x86
		{BDD751D2-12FB-4004-AA8E-F7083A33AD10}.Debug|x86.ActiveCfg = Debug|x86
		{BDD751D2-12FB-4004-AA8E-F7083A33AD10}.Debug|x86.Build.0 = Debug|x86
		{BDD751D2-12FB-4004-AA8E-F7083A33AD10}.Release|Any CPU.ActiveCfg = Release|Any CPU
		{BDD751D2-12FB-4004-AA8E-F7083A33AD10}.Release|Any CPU.Build.0 = Release|Any CPU
		{BDD751D2-12FB-4004-AA8E-F7083A33AD10}.Release|Mixed Platforms.ActiveCfg = Release|x64
		{BDD751D2-12FB-4004-AA8E-F7083A33AD10}.Release|Mixed Platforms.Build.0 = Release|x64
		{BDD751D2-12FB-4004-AA8E-F7083A33AD10}.Release|x64.ActiveCfg = Release|x64
		{BDD751D2-12FB-4004-AA8E-F7083A33AD10}.Release|x64.Build.0 = Release|x64
		{BDD751D2-12FB-4004-AA8E-F7083A33AD10}.Release|x86.ActiveCfg = Release|x86
		{BDD751D2-12FB-4004-AA8E-F7083A33AD10}.Release|x86.Build.0 = Release|x86
		{7447DDC5-4D85-4881-AB6A-7ED9E83FAB6A}.Debug|Any CPU.ActiveCfg = Debug|Any CPU
		{7447DDC5-4D85-4881-AB6A-7ED9E83FAB6A}.Debug|Any CPU.Build.0 = Debug|Any CPU
		{7447DDC5-4D85-4881-AB6A-7ED9E83FAB6A}.Debug|Mixed Platforms.ActiveCfg = Debug|x64
		{7447DDC5-4D85-4881-AB6A-7ED9E83FAB6A}.Debug|Mixed Platforms.Build.0 = Debug|x64
		{7447DDC5-4D85-4881-AB6A-7ED9E83FAB6A}.Debug|x64.ActiveCfg = Debug|x64
		{7447DDC5-4D85-4881-AB6A-7ED9E83FAB6A}.Debug|x64.Build.0 = Debug|x64
		{7447DDC5-4D85-4881-AB6A-7ED9E83FAB6A}.Debug|x86.ActiveCfg = Debug|x64
		{7447DDC5-4D85-4881-AB6A-7ED9E83FAB6A}.Release|Any CPU.ActiveCfg = Release|Any CPU
		{7447DDC5-4D85-4881-AB6A-7ED9E83FAB6A}.Release|Any CPU.Build.0 = Release|Any CPU
		{7447DDC5-4D85-4881-AB6A-7ED9E83FAB6A}.Release|Mixed Platforms.ActiveCfg = Release|x64
		{7447DDC5-4D85-4881-AB6A-7ED9E83FAB6A}.Release|Mixed Platforms.Build.0 = Release|x64
		{7447DDC5-4D85-4881-AB6A-7ED9E83FAB6A}.Release|x64.ActiveCfg = Release|x64
		{7447DDC5-4D85-4881-AB6A-7ED9E83FAB6A}.Release|x64.Build.0 = Release|x64
		{7447DDC5-4D85-4881-AB6A-7ED9E83FAB6A}.Release|x86.ActiveCfg = Release|x64
		{D26458E6-2DA9-49D4-9097-234FF0AB51B2}.Debug|Any CPU.ActiveCfg = Debug|Any CPU
		{D26458E6-2DA9-49D4-9097-234FF0AB51B2}.Debug|Any CPU.Build.0 = Debug|Any CPU
		{D26458E6-2DA9-49D4-9097-234FF0AB51B2}.Debug|Mixed Platforms.ActiveCfg = Debug|x64
		{D26458E6-2DA9-49D4-9097-234FF0AB51B2}.Debug|Mixed Platforms.Build.0 = Debug|x64
		{D26458E6-2DA9-49D4-9097-234FF0AB51B2}.Debug|x64.ActiveCfg = Debug|x86
		{D26458E6-2DA9-49D4-9097-234FF0AB51B2}.Debug|x86.ActiveCfg = Debug|x86
		{D26458E6-2DA9-49D4-9097-234FF0AB51B2}.Debug|x86.Build.0 = Debug|x86
		{D26458E6-2DA9-49D4-9097-234FF0AB51B2}.Release|Any CPU.ActiveCfg = Release|Any CPU
		{D26458E6-2DA9-49D4-9097-234FF0AB51B2}.Release|Any CPU.Build.0 = Release|Any CPU
		{D26458E6-2DA9-49D4-9097-234FF0AB51B2}.Release|Mixed Platforms.ActiveCfg = Release|x64
		{D26458E6-2DA9-49D4-9097-234FF0AB51B2}.Release|Mixed Platforms.Build.0 = Release|x64
		{D26458E6-2DA9-49D4-9097-234FF0AB51B2}.Release|x64.ActiveCfg = Release|x64
		{D26458E6-2DA9-49D4-9097-234FF0AB51B2}.Release|x64.Build.0 = Release|x64
		{D26458E6-2DA9-49D4-9097-234FF0AB51B2}.Release|x86.ActiveCfg = Release|x86
		{D26458E6-2DA9-49D4-9097-234FF0AB51B2}.Release|x86.Build.0 = Release|x86
		{7C6FD1F2-891A-4D1C-BA06-8EF62BD291CF}.Debug|Any CPU.ActiveCfg = Debug|Any CPU
		{7C6FD1F2-891A-4D1C-BA06-8EF62BD291CF}.Debug|Any CPU.Build.0 = Debug|Any CPU
		{7C6FD1F2-891A-4D1C-BA06-8EF62BD291CF}.Debug|Mixed Platforms.ActiveCfg = Debug|x64
		{7C6FD1F2-891A-4D1C-BA06-8EF62BD291CF}.Debug|Mixed Platforms.Build.0 = Debug|x64
		{7C6FD1F2-891A-4D1C-BA06-8EF62BD291CF}.Debug|x64.ActiveCfg = Debug|x86
		{7C6FD1F2-891A-4D1C-BA06-8EF62BD291CF}.Debug|x86.ActiveCfg = Debug|x86
		{7C6FD1F2-891A-4D1C-BA06-8EF62BD291CF}.Debug|x86.Build.0 = Debug|x86
		{7C6FD1F2-891A-4D1C-BA06-8EF62BD291CF}.Release|Any CPU.ActiveCfg = Release|Any CPU
		{7C6FD1F2-891A-4D1C-BA06-8EF62BD291CF}.Release|Any CPU.Build.0 = Release|Any CPU
		{7C6FD1F2-891A-4D1C-BA06-8EF62BD291CF}.Release|Mixed Platforms.ActiveCfg = Release|x64
		{7C6FD1F2-891A-4D1C-BA06-8EF62BD291CF}.Release|Mixed Platforms.Build.0 = Release|x64
		{7C6FD1F2-891A-4D1C-BA06-8EF62BD291CF}.Release|x64.ActiveCfg = Release|x64
		{7C6FD1F2-891A-4D1C-BA06-8EF62BD291CF}.Release|x64.Build.0 = Release|x64
		{7C6FD1F2-891A-4D1C-BA06-8EF62BD291CF}.Release|x86.ActiveCfg = Release|x86
		{7C6FD1F2-891A-4D1C-BA06-8EF62BD291CF}.Release|x86.Build.0 = Release|x86
		{3E26BC29-3382-4D90-86CF-6D14836B4A6F}.Debug|Any CPU.ActiveCfg = Debug|Any CPU
		{3E26BC29-3382-4D90-86CF-6D14836B4A6F}.Debug|Any CPU.Build.0 = Debug|Any CPU
		{3E26BC29-3382-4D90-86CF-6D14836B4A6F}.Debug|Mixed Platforms.ActiveCfg = Debug|x64
		{3E26BC29-3382-4D90-86CF-6D14836B4A6F}.Debug|Mixed Platforms.Build.0 = Debug|x64
		{3E26BC29-3382-4D90-86CF-6D14836B4A6F}.Debug|x64.ActiveCfg = Debug|x86
		{3E26BC29-3382-4D90-86CF-6D14836B4A6F}.Debug|x86.ActiveCfg = Debug|x86
		{3E26BC29-3382-4D90-86CF-6D14836B4A6F}.Debug|x86.Build.0 = Debug|x86
		{3E26BC29-3382-4D90-86CF-6D14836B4A6F}.Release|Any CPU.ActiveCfg = Release|Any CPU
		{3E26BC29-3382-4D90-86CF-6D14836B4A6F}.Release|Any CPU.Build.0 = Release|Any CPU
		{3E26BC29-3382-4D90-86CF-6D14836B4A6F}.Release|Mixed Platforms.ActiveCfg = Release|x64
		{3E26BC29-3382-4D90-86CF-6D14836B4A6F}.Release|Mixed Platforms.Build.0 = Release|x64
		{3E26BC29-3382-4D90-86CF-6D14836B4A6F}.Release|x64.ActiveCfg = Release|x64
		{3E26BC29-3382-4D90-86CF-6D14836B4A6F}.Release|x64.Build.0 = Release|x64
		{3E26BC29-3382-4D90-86CF-6D14836B4A6F}.Release|x86.ActiveCfg = Release|x86
		{3E26BC29-3382-4D90-86CF-6D14836B4A6F}.Release|x86.Build.0 = Release|x86
		{12B8D0C9-DAC4-436F-984E-D0BFD12813B2}.Debug|Any CPU.ActiveCfg = Debug|Any CPU
		{12B8D0C9-DAC4-436F-984E-D0BFD12813B2}.Debug|Any CPU.Build.0 = Debug|Any CPU
		{12B8D0C9-DAC4-436F-984E-D0BFD12813B2}.Debug|Mixed Platforms.ActiveCfg = Debug|x64
		{12B8D0C9-DAC4-436F-984E-D0BFD12813B2}.Debug|Mixed Platforms.Build.0 = Debug|x64
		{12B8D0C9-DAC4-436F-984E-D0BFD12813B2}.Debug|x64.ActiveCfg = Debug|x86
		{12B8D0C9-DAC4-436F-984E-D0BFD12813B2}.Debug|x86.ActiveCfg = Debug|x86
		{12B8D0C9-DAC4-436F-984E-D0BFD12813B2}.Debug|x86.Build.0 = Debug|x86
		{12B8D0C9-DAC4-436F-984E-D0BFD12813B2}.Release|Any CPU.ActiveCfg = Release|Any CPU
		{12B8D0C9-DAC4-436F-984E-D0BFD12813B2}.Release|Any CPU.Build.0 = Release|Any CPU
		{12B8D0C9-DAC4-436F-984E-D0BFD12813B2}.Release|Mixed Platforms.ActiveCfg = Release|x64
		{12B8D0C9-DAC4-436F-984E-D0BFD12813B2}.Release|Mixed Platforms.Build.0 = Release|x64
		{12B8D0C9-DAC4-436F-984E-D0BFD12813B2}.Release|x64.ActiveCfg = Release|x64
		{12B8D0C9-DAC4-436F-984E-D0BFD12813B2}.Release|x64.Build.0 = Release|x64
		{12B8D0C9-DAC4-436F-984E-D0BFD12813B2}.Release|x86.ActiveCfg = Release|x86
		{12B8D0C9-DAC4-436F-984E-D0BFD12813B2}.Release|x86.Build.0 = Release|x86
		{688BFBC8-7FD9-4427-B95A-E4D621373384}.Debug|Any CPU.ActiveCfg = Debug|Any CPU
		{688BFBC8-7FD9-4427-B95A-E4D621373384}.Debug|Any CPU.Build.0 = Debug|Any CPU
		{688BFBC8-7FD9-4427-B95A-E4D621373384}.Debug|Mixed Platforms.ActiveCfg = Debug|x64
		{688BFBC8-7FD9-4427-B95A-E4D621373384}.Debug|Mixed Platforms.Build.0 = Debug|x64
		{688BFBC8-7FD9-4427-B95A-E4D621373384}.Debug|x64.ActiveCfg = Debug|x64
		{688BFBC8-7FD9-4427-B95A-E4D621373384}.Debug|x64.Build.0 = Debug|x64
		{688BFBC8-7FD9-4427-B95A-E4D621373384}.Debug|x86.ActiveCfg = Debug|x64
		{688BFBC8-7FD9-4427-B95A-E4D621373384}.Release|Any CPU.ActiveCfg = Release|Any CPU
		{688BFBC8-7FD9-4427-B95A-E4D621373384}.Release|Any CPU.Build.0 = Release|Any CPU
		{688BFBC8-7FD9-4427-B95A-E4D621373384}.Release|Mixed Platforms.ActiveCfg = Release|x64
		{688BFBC8-7FD9-4427-B95A-E4D621373384}.Release|Mixed Platforms.Build.0 = Release|x64
		{688BFBC8-7FD9-4427-B95A-E4D621373384}.Release|x64.ActiveCfg = Release|x64
		{688BFBC8-7FD9-4427-B95A-E4D621373384}.Release|x64.Build.0 = Release|x64
		{688BFBC8-7FD9-4427-B95A-E4D621373384}.Release|x86.ActiveCfg = Release|x64
		{3B8DAD81-EA3D-4C2C-8CF0-AD8B8DEFCA7A}.Debug|Any CPU.ActiveCfg = Debug|x86
		{3B8DAD81-EA3D-4C2C-8CF0-AD8B8DEFCA7A}.Debug|Mixed Platforms.ActiveCfg = Debug|x64
		{3B8DAD81-EA3D-4C2C-8CF0-AD8B8DEFCA7A}.Debug|Mixed Platforms.Build.0 = Debug|x64
		{3B8DAD81-EA3D-4C2C-8CF0-AD8B8DEFCA7A}.Debug|x64.ActiveCfg = Debug|x86
		{3B8DAD81-EA3D-4C2C-8CF0-AD8B8DEFCA7A}.Debug|x86.ActiveCfg = Debug|x86
		{3B8DAD81-EA3D-4C2C-8CF0-AD8B8DEFCA7A}.Debug|x86.Build.0 = Debug|x86
		{3B8DAD81-EA3D-4C2C-8CF0-AD8B8DEFCA7A}.Release|Any CPU.ActiveCfg = Release|x86
		{3B8DAD81-EA3D-4C2C-8CF0-AD8B8DEFCA7A}.Release|Mixed Platforms.ActiveCfg = Release|x64
		{3B8DAD81-EA3D-4C2C-8CF0-AD8B8DEFCA7A}.Release|Mixed Platforms.Build.0 = Release|x64
		{3B8DAD81-EA3D-4C2C-8CF0-AD8B8DEFCA7A}.Release|x64.ActiveCfg = Release|x64
		{3B8DAD81-EA3D-4C2C-8CF0-AD8B8DEFCA7A}.Release|x64.Build.0 = Release|x64
		{3B8DAD81-EA3D-4C2C-8CF0-AD8B8DEFCA7A}.Release|x86.ActiveCfg = Release|x86
		{3B8DAD81-EA3D-4C2C-8CF0-AD8B8DEFCA7A}.Release|x86.Build.0 = Release|x86
		{AFB37840-8232-4FB1-B05D-649C20BADD1F}.Debug|Any CPU.ActiveCfg = Debug|x86
		{AFB37840-8232-4FB1-B05D-649C20BADD1F}.Debug|Mixed Platforms.ActiveCfg = Debug|x64
		{AFB37840-8232-4FB1-B05D-649C20BADD1F}.Debug|Mixed Platforms.Build.0 = Debug|x64
		{AFB37840-8232-4FB1-B05D-649C20BADD1F}.Debug|x64.ActiveCfg = Debug|x86
		{AFB37840-8232-4FB1-B05D-649C20BADD1F}.Debug|x86.ActiveCfg = Debug|x86
		{AFB37840-8232-4FB1-B05D-649C20BADD1F}.Debug|x86.Build.0 = Debug|x86
		{AFB37840-8232-4FB1-B05D-649C20BADD1F}.Release|Any CPU.ActiveCfg = Release|x86
		{AFB37840-8232-4FB1-B05D-649C20BADD1F}.Release|Mixed Platforms.ActiveCfg = Release|x64
		{AFB37840-8232-4FB1-B05D-649C20BADD1F}.Release|Mixed Platforms.Build.0 = Release|x64
		{AFB37840-8232-4FB1-B05D-649C20BADD1F}.Release|x64.ActiveCfg = Release|x64
		{AFB37840-8232-4FB1-B05D-649C20BADD1F}.Release|x64.Build.0 = Release|x64
		{AFB37840-8232-4FB1-B05D-649C20BADD1F}.Release|x86.ActiveCfg = Release|x86
		{AFB37840-8232-4FB1-B05D-649C20BADD1F}.Release|x86.Build.0 = Release|x86
		{261FB888-CA06-4D7B-9268-BD6ABA60648E}.Debug|Any CPU.ActiveCfg = Debug|x86
		{261FB888-CA06-4D7B-9268-BD6ABA60648E}.Debug|Mixed Platforms.ActiveCfg = Debug|x64
		{261FB888-CA06-4D7B-9268-BD6ABA60648E}.Debug|Mixed Platforms.Build.0 = Debug|x64
		{261FB888-CA06-4D7B-9268-BD6ABA60648E}.Debug|x64.ActiveCfg = Debug|x86
		{261FB888-CA06-4D7B-9268-BD6ABA60648E}.Debug|x86.ActiveCfg = Debug|x86
		{261FB888-CA06-4D7B-9268-BD6ABA60648E}.Debug|x86.Build.0 = Debug|x86
		{261FB888-CA06-4D7B-9268-BD6ABA60648E}.Release|Any CPU.ActiveCfg = Release|x86
		{261FB888-CA06-4D7B-9268-BD6ABA60648E}.Release|Mixed Platforms.ActiveCfg = Release|x86
		{261FB888-CA06-4D7B-9268-BD6ABA60648E}.Release|Mixed Platforms.Build.0 = Release|x86
		{261FB888-CA06-4D7B-9268-BD6ABA60648E}.Release|x64.ActiveCfg = Release|x64
		{261FB888-CA06-4D7B-9268-BD6ABA60648E}.Release|x64.Build.0 = Release|x64
		{261FB888-CA06-4D7B-9268-BD6ABA60648E}.Release|x86.ActiveCfg = Release|x86
		{261FB888-CA06-4D7B-9268-BD6ABA60648E}.Release|x86.Build.0 = Release|x86
		{EDE631A8-7699-42A1-BD54-16738B1E9D0F}.Debug|Any CPU.ActiveCfg = Debug|x86
		{EDE631A8-7699-42A1-BD54-16738B1E9D0F}.Debug|Mixed Platforms.ActiveCfg = Debug|x64
		{EDE631A8-7699-42A1-BD54-16738B1E9D0F}.Debug|Mixed Platforms.Build.0 = Debug|x64
		{EDE631A8-7699-42A1-BD54-16738B1E9D0F}.Debug|x64.ActiveCfg = Debug|x86
		{EDE631A8-7699-42A1-BD54-16738B1E9D0F}.Debug|x86.ActiveCfg = Debug|x86
		{EDE631A8-7699-42A1-BD54-16738B1E9D0F}.Debug|x86.Build.0 = Debug|x86
		{EDE631A8-7699-42A1-BD54-16738B1E9D0F}.Release|Any CPU.ActiveCfg = Release|x86
		{EDE631A8-7699-42A1-BD54-16738B1E9D0F}.Release|Mixed Platforms.ActiveCfg = Release|x86
		{EDE631A8-7699-42A1-BD54-16738B1E9D0F}.Release|Mixed Platforms.Build.0 = Release|x86
		{EDE631A8-7699-42A1-BD54-16738B1E9D0F}.Release|x64.ActiveCfg = Release|x64
		{EDE631A8-7699-42A1-BD54-16738B1E9D0F}.Release|x64.Build.0 = Release|x64
		{EDE631A8-7699-42A1-BD54-16738B1E9D0F}.Release|x86.ActiveCfg = Release|x86
		{EDE631A8-7699-42A1-BD54-16738B1E9D0F}.Release|x86.Build.0 = Release|x86
		{B08B2F9C-9C68-402C-BC78-47050E30F243}.Debug|Any CPU.ActiveCfg = Debug|x86
		{B08B2F9C-9C68-402C-BC78-47050E30F243}.Debug|Mixed Platforms.ActiveCfg = Debug|x64
		{B08B2F9C-9C68-402C-BC78-47050E30F243}.Debug|Mixed Platforms.Build.0 = Debug|x64
		{B08B2F9C-9C68-402C-BC78-47050E30F243}.Debug|x64.ActiveCfg = Debug|x86
		{B08B2F9C-9C68-402C-BC78-47050E30F243}.Debug|x86.ActiveCfg = Debug|x86
		{B08B2F9C-9C68-402C-BC78-47050E30F243}.Debug|x86.Build.0 = Debug|x86
		{B08B2F9C-9C68-402C-BC78-47050E30F243}.Release|Any CPU.ActiveCfg = Release|x86
		{B08B2F9C-9C68-402C-BC78-47050E30F243}.Release|Mixed Platforms.ActiveCfg = Release|x86
		{B08B2F9C-9C68-402C-BC78-47050E30F243}.Release|Mixed Platforms.Build.0 = Release|x86
		{B08B2F9C-9C68-402C-BC78-47050E30F243}.Release|x64.ActiveCfg = Release|x64
		{B08B2F9C-9C68-402C-BC78-47050E30F243}.Release|x64.Build.0 = Release|x64
		{B08B2F9C-9C68-402C-BC78-47050E30F243}.Release|x86.ActiveCfg = Release|x86
		{B08B2F9C-9C68-402C-BC78-47050E30F243}.Release|x86.Build.0 = Release|x86
		{BDDD5366-7D48-469E-B519-AD23337FDCB8}.Debug|Any CPU.ActiveCfg = Debug|x86
		{BDDD5366-7D48-469E-B519-AD23337FDCB8}.Debug|Mixed Platforms.ActiveCfg = Debug|x64
		{BDDD5366-7D48-469E-B519-AD23337FDCB8}.Debug|Mixed Platforms.Build.0 = Debug|x64
		{BDDD5366-7D48-469E-B519-AD23337FDCB8}.Debug|x64.ActiveCfg = Debug|x86
		{BDDD5366-7D48-469E-B519-AD23337FDCB8}.Debug|x86.ActiveCfg = Debug|x86
		{BDDD5366-7D48-469E-B519-AD23337FDCB8}.Debug|x86.Build.0 = Debug|x86
		{BDDD5366-7D48-469E-B519-AD23337FDCB8}.Release|Any CPU.ActiveCfg = Release|x86
		{BDDD5366-7D48-469E-B519-AD23337FDCB8}.Release|Mixed Platforms.ActiveCfg = Release|x86
		{BDDD5366-7D48-469E-B519-AD23337FDCB8}.Release|Mixed Platforms.Build.0 = Release|x86
		{BDDD5366-7D48-469E-B519-AD23337FDCB8}.Release|x64.ActiveCfg = Release|x64
		{BDDD5366-7D48-469E-B519-AD23337FDCB8}.Release|x64.Build.0 = Release|x64
		{BDDD5366-7D48-469E-B519-AD23337FDCB8}.Release|x86.ActiveCfg = Release|x86
		{BDDD5366-7D48-469E-B519-AD23337FDCB8}.Release|x86.Build.0 = Release|x86
		{6CBCE0DB-257C-465A-A9FC-496B61C219F0}.Debug|Any CPU.ActiveCfg = Debug|Any CPU
		{6CBCE0DB-257C-465A-A9FC-496B61C219F0}.Debug|Any CPU.Build.0 = Debug|Any CPU
		{6CBCE0DB-257C-465A-A9FC-496B61C219F0}.Debug|Mixed Platforms.ActiveCfg = Debug|Any CPU
		{6CBCE0DB-257C-465A-A9FC-496B61C219F0}.Debug|Mixed Platforms.Build.0 = Debug|Any CPU
		{6CBCE0DB-257C-465A-A9FC-496B61C219F0}.Debug|x64.ActiveCfg = Debug|x64
		{6CBCE0DB-257C-465A-A9FC-496B61C219F0}.Debug|x64.Build.0 = Debug|x64
		{6CBCE0DB-257C-465A-A9FC-496B61C219F0}.Debug|x86.ActiveCfg = Debug|Any CPU
		{6CBCE0DB-257C-465A-A9FC-496B61C219F0}.Debug|x86.Build.0 = Debug|Any CPU
		{6CBCE0DB-257C-465A-A9FC-496B61C219F0}.Release|Any CPU.ActiveCfg = Release|Any CPU
		{6CBCE0DB-257C-465A-A9FC-496B61C219F0}.Release|Any CPU.Build.0 = Release|Any CPU
		{6CBCE0DB-257C-465A-A9FC-496B61C219F0}.Release|Mixed Platforms.ActiveCfg = Release|Any CPU
		{6CBCE0DB-257C-465A-A9FC-496B61C219F0}.Release|Mixed Platforms.Build.0 = Release|Any CPU
		{6CBCE0DB-257C-465A-A9FC-496B61C219F0}.Release|x64.ActiveCfg = Release|x64
		{6CBCE0DB-257C-465A-A9FC-496B61C219F0}.Release|x64.Build.0 = Release|x64
		{6CBCE0DB-257C-465A-A9FC-496B61C219F0}.Release|x86.ActiveCfg = Release|Any CPU
		{6CBCE0DB-257C-465A-A9FC-496B61C219F0}.Release|x86.Build.0 = Release|Any CPU
		{B0A313F0-E090-42F7-B9E2-E8764528685E}.Debug|Any CPU.ActiveCfg = Debug|Any CPU
		{B0A313F0-E090-42F7-B9E2-E8764528685E}.Debug|Any CPU.Build.0 = Debug|Any CPU
		{B0A313F0-E090-42F7-B9E2-E8764528685E}.Debug|Mixed Platforms.ActiveCfg = Debug|Any CPU
		{B0A313F0-E090-42F7-B9E2-E8764528685E}.Debug|Mixed Platforms.Build.0 = Debug|Any CPU
		{B0A313F0-E090-42F7-B9E2-E8764528685E}.Debug|x64.ActiveCfg = Debug|x64
		{B0A313F0-E090-42F7-B9E2-E8764528685E}.Debug|x64.Build.0 = Debug|x64
		{B0A313F0-E090-42F7-B9E2-E8764528685E}.Debug|x86.ActiveCfg = Debug|Any CPU
		{B0A313F0-E090-42F7-B9E2-E8764528685E}.Debug|x86.Build.0 = Debug|Any CPU
		{B0A313F0-E090-42F7-B9E2-E8764528685E}.Release|Any CPU.ActiveCfg = Release|Any CPU
		{B0A313F0-E090-42F7-B9E2-E8764528685E}.Release|Any CPU.Build.0 = Release|Any CPU
		{B0A313F0-E090-42F7-B9E2-E8764528685E}.Release|Mixed Platforms.ActiveCfg = Release|Any CPU
		{B0A313F0-E090-42F7-B9E2-E8764528685E}.Release|Mixed Platforms.Build.0 = Release|Any CPU
		{B0A313F0-E090-42F7-B9E2-E8764528685E}.Release|x64.ActiveCfg = Release|x64
		{B0A313F0-E090-42F7-B9E2-E8764528685E}.Release|x64.Build.0 = Release|x64
		{B0A313F0-E090-42F7-B9E2-E8764528685E}.Release|x86.ActiveCfg = Release|Any CPU
		{B0A313F0-E090-42F7-B9E2-E8764528685E}.Release|x86.Build.0 = Release|Any CPU
	EndGlobalSection
	GlobalSection(SolutionProperties) = preSolution
		HideSolutionNode = FALSE
	EndGlobalSection
EndGlobal
